PODS:
  - Nimble (8.0.9)
  - Quick (2.2.1)
  - TonNfcClientSwift (0.1.0)

DEPENDENCIES:
  - Nimble (~> 8.0.7)
  - Quick (~> 2.2.0)
  - TonNfcClientSwift (from `../`)

SPEC REPOS:
  trunk:
    - Nimble
    - Quick

EXTERNAL SOURCES:
  TonNfcClientSwift:
    :path: "../"

SPEC CHECKSUMS:
  Nimble: 98b888285a615fd34f20e61753cf58ea1402bde4
  Quick: f5754d69b7013f5864c29aab9ae6f0c79c5bc200
  TonNfcClientSwift: 41ba6c028109eb2305f55c9ca95507fdd9e737b6

PODFILE CHECKSUM: 86a5617393cacf324729ffb4579f5aab038b888c

COCOAPODS: 1.9.3
